// !$*UTF8*$!
{
	archiveVersion = 1;
	classes = {
	};
	objectVersion = 48;
	objects = {

/* Begin PBXBuildFile section */
		C287E5B920478DBB009DA267 /* AppDelegate.swift in Sources */ = {isa = PBXBuildFile; fileRef = C287E5B820478DBB009DA267 /* AppDelegate.swift */; };
		C287E5BB20478DBB009DA267 /* ViewController.swift in Sources */ = {isa = PBXBuildFile; fileRef = C287E5BA20478DBB009DA267 /* ViewController.swift */; };
		C287E5BE20478DBB009DA267 /* Main.storyboard in Resources */ = {isa = PBXBuildFile; fileRef = C287E5BC20478DBB009DA267 /* Main.storyboard */; };
		C287E5C020478DBB009DA267 /* Assets.xcassets in Resources */ = {isa = PBXBuildFile; fileRef = C287E5BF20478DBB009DA267 /* Assets.xcassets */; };
		C287E5C320478DBB009DA267 /* LaunchScreen.storyboard in Resources */ = {isa = PBXBuildFile; fileRef = C287E5C120478DBB009DA267 /* LaunchScreen.storyboard */; };
		C287E5CF204793A9009DA267 /* MyPlayerViewController.swift in Sources */ = {isa = PBXBuildFile; fileRef = C287E5CE204793A9009DA267 /* MyPlayerViewController.swift */; };
/* End PBXBuildFile section */

/* Begin PBXFileReference section */
		C287E5B520478DBB009DA267 /* CatchingVideo.app */ = {isa = PBXFileReference; explicitFileType = wrapper.application; includeInIndex = 0; path = CatchingVideo.app; sourceTree = BUILT_PRODUCTS_DIR; };
		C287E5B820478DBB009DA267 /* AppDelegate.swift */ = {isa = PBXFileReference; lastKnownFileType = sourcecode.swift; path = AppDelegate.swift; sourceTree = "<group>"; };
		C287E5BA20478DBB009DA267 /* ViewController.swift */ = {isa = PBXFileReference; lastKnownFileType = sourcecode.swift; path = ViewController.swift; sourceTree = "<group>"; };
		C287E5BD20478DBB009DA267 /* Base */ = {isa = PBXFileReference; lastKnownFileType = file.storyboard; name = Base; path = Base.lproj/Main.storyboard; sourceTree = "<group>"; };
		C287E5BF20478DBB009DA267 /* Assets.xcassets */ = {isa = PBXFileReference; lastKnownFileType = folder.assetcatalog; path = Assets.xcassets; sourceTree = "<group>"; };
		C287E5C220478DBB009DA267 /* Base */ = {isa = PBXFileReference; lastKnownFileType = file.storyboard; name = Base; path = Base.lproj/LaunchScreen.storyboard; sourceTree = "<group>"; };
		C287E5C420478DBB009DA267 /* Info.plist */ = {isa = PBXFileReference; lastKnownFileType = text.plist.xml; path = Info.plist; sourceTree = "<group>"; };
		C287E5CE204793A9009DA267 /* MyPlayerViewController.swift */ = {isa = PBXFileReference; lastKnownFileType = sourcecode.swift; path = MyPlayerViewController.swift; sourceTree = "<group>"; };
/* End PBXFileReference section */

/* Begin PBXFrameworksBuildPhase section */
		C287E5B220478DBB009DA267 /* Frameworks */ = {
			isa = PBXFrameworksBuildPhase;
			buildActionMask = 2147483647;
			files = (
			);
			runOnlyForDeploymentPostprocessing = 0;
		};
/* End PBXFrameworksBuildPhase section */

/* Begin PBXGroup section */
		C287E5AC20478DBB009DA267 = {
			isa = PBXGroup;
			children = (
				C287E5B720478DBB009DA267 /* CatchingVideo */,
				C287E5B620478DBB009DA267 /* Products */,
			);
			sourceTree = "<group>";
		};
		C287E5B620478DBB009DA267 /* Products */ = {
			isa = PBXGroup;
			children = (
				C287E5B520478DBB009DA267 /* CatchingVideo.app */,
			);
			name = Products;
			sourceTree = "<group>";
		};
		C287E5B720478DBB009DA267 /* CatchingVideo */ = {
			isa = PBXGroup;
			children = (
				C287E5B820478DBB009DA267 /* AppDelegate.swift */,
				C287E5BA20478DBB009DA267 /* ViewController.swift */,
				C287E5BC20478DBB009DA267 /* Main.storyboard */,
				C287E5CE204793A9009DA267 /* MyPlayerViewController.swift */,
				C287E5BF20478DBB009DA267 /* Assets.xcassets */,
				C287E5C120478DBB009DA267 /* LaunchScreen.storyboard */,
				C287E5C420478DBB009DA267 /* Info.plist */,
			);
			path = CatchingVideo;
			sourceTree = "<group>";
		};
/* End PBXGroup section */

/* Begin PBXNativeTarget section */
		C287E5B420478DBB009DA267 /* CatchingVideo */ = {
			isa = PBXNativeTarget;
			buildConfigurationList = C287E5C720478DBB009DA267 /* Build configuration list for PBXNativeTarget "CatchingVideo" */;
			buildPhases = (
				C287E5B120478DBB009DA267 /* Sources */,
				C287E5B220478DBB009DA267 /* Frameworks */,
				C287E5B320478DBB009DA267 /* Resources */,
			);
			buildRules = (
			);
			dependencies = (
			);
			name = CatchingVideo;
			productName = CatchingVideo;
			productReference = C287E5B520478DBB009DA267 /* CatchingVideo.app */;
			productType = "com.apple.product-type.application";
		};
/* End PBXNativeTarget section */

/* Begin PBXProject section */
		C287E5AD20478DBB009DA267 /* Project object */ = {
			isa = PBXProject;
			attributes = {
				LastSwiftUpdateCheck = 0920;
				LastUpgradeCheck = 0920;
				ORGANIZATIONNAME = LuizRamos;
				TargetAttributes = {
					C287E5B420478DBB009DA267 = {
						CreatedOnToolsVersion = 9.2;
						ProvisioningStyle = Automatic;
					};
				};
			};
			buildConfigurationList = C287E5B020478DBB009DA267 /* Build configuration list for PBXProject "CatchingVideo" */;
			compatibilityVersion = "Xcode 8.0";
			developmentRegion = en;
			hasScannedForEncodings = 0;
			knownRegions = (
				en,
				Base,
			);
			mainGroup = C287E5AC20478DBB009DA267;
			productRefGroup = C287E5B620478DBB009DA267 /* Products */;
			projectDirPath = "";
			projectRoot = "";
			targets = (
				C287E5B420478DBB009DA267 /* CatchingVideo */,
			);
		};
/* End PBXProject section */

/* Begin PBXResourcesBuildPhase section */
		C287E5B320478DBB009DA267 /* Resources */ = {
			isa = PBXResourcesBuildPhase;
			buildActionMask = 2147483647;
			files = (
				C287E5C320478DBB009DA267 /* LaunchScreen.storyboard in Resources */,
				C287E5C020478DBB009DA267 /* Assets.xcassets in Resources */,
				C287E5BE20478DBB009DA267 /* Main.storyboard in Resources */,
			);
			runOnlyForDeploymentPostprocessing = 0;
		};
/* End PBXResourcesBuildPhase section */

/* Begin PBXSourcesBuildPhase section */
		C287E5B120478DBB009DA267 /* Sources */ = {
			isa = PBXSourcesBuildPhase;
			buildActionMask = 2147483647;
			files = (
				C287E5BB20478DBB009DA267 /* ViewController.swift in Sources */,
				C287E5CF204793A9009DA267 /* MyPlayerViewController.swift in Sources */,
				C287E5B920478DBB009DA267 /* AppDelegate.swift in Sources */,
			);
			runOnlyForDeploymentPostprocessing = 0;
		};
/* End PBXSourcesBuildPhase section */

/* Begin PBXVariantGroup section */
		C287E5BC20478DBB009DA267 /* Main.storyboard */ = {
			isa = PBXVariantGroup;
			children = (
				C287E5BD20478DBB009DA267 /* Base */,
			);
			name = Main.storyboard;
			sourceTree = "<group>";
		};
		C287E5C120478DBB009DA267 /* LaunchScreen.storyboard */ = {
			isa = PBXVariantGroup;
			children = (
				C287E5C220478DBB009DA267 /* Base */,
			);
			name = LaunchScreen.storyboard;
			sourceTree = "<group>";
		};
/* End PBXVariantGroup section */

/* Begin XCBuildConfiguration section */
		C287E5C520478DBB009DA267 /* Debug */ = {
			isa = XCBuildConfiguration;
			buildSettings = {
				ALWAYS_SEARCH_USER_PATHS = NO;
				CLANG_ANALYZER_NONNULL = YES;
				CLANG_ANALYZER_NUMBER_OBJECT_CONVERSION = YES_AGGRESSIVE;
				CLANG_CXX_LANGUAGE_STANDARD = "gnu++14";
				CLANG_CXX_LIBRARY = "libc++";
				CLANG_ENABLE_MODULES = YES;
				CLANG_ENABLE_OBJC_ARC = YES;
				CLANG_WARN_BLOCK_CAPTURE_AUTORELEASING = YES;
				CLANG_WARN_BOOL_CONVERSION = YES;
				CLANG_WARN_COMMA = YES;
				CLANG_WARN_CONSTANT_CONVERSION = YES;
				CLANG_WARN_DIRECT_OBJC_ISA_USAGE = YES_ERROR;
				CLANG_WARN_DOCUMENTATION_COMMENTS = YES;
				CLANG_WARN_EMPTY_BODY = YES;
				CLANG_WARN_ENUM_CONVERSION = YES;
				CLANG_WARN_INFINITE_RECURSION = YES;
				CLANG_WARN_INT_CONVERSION = YES;
				CLANG_WARN_NON_LITERAL_NULL_CONVERSION = YES;
				CLANG_WARN_OBJC_LITERAL_CONVERSION = YES;
				CLANG_WARN_OBJC_ROOT_CLASS = YES_ERROR;
				CLANG_WARN_RANGE_LOOP_ANALYSIS = YES;
				CLANG_WARN_STRICT_PROTOTYPES = YES;
				CLANG_WARN_SUSPICIOUS_MOVE = YES;
				CLANG_WARN_UNGUARDED_AVAILABILITY = YES_AGGRESSIVE;
				CLANG_WARN_UNREACHABLE_CODE = YES;
				CLANG_WARN__DUPLICATE_METHOD_MATCH = YES;
				CODE_SIGN_IDENTITY = "iPhone Developer";
				COPY_PHASE_STRIP = NO;
				DEBUG_INFORMATION_FORMAT = dwarf;
				ENABLE_STRICT_OBJC_MSGSEND = YES;
				ENABLE_TESTABILITY = YES;
				GCC_C_LANGUAGE_STANDARD = gnu11;
				GCC_DYNAMIC_NO_PIC = NO;
				GCC_NO_COMMON_BLOCKS = YES;
				GCC_OPTIMIZATION_LEVEL = 0;
				GCC_PREPROCESSOR_DEFINITIONS = (
					"DEBUG=1",
					"$(inherited)",
				);
				GCC_WARN_64_TO_32_BIT_CONVERSION = YES;
				GCC_WARN_ABOUT_RETURN_TYPE = YES_ERROR;
				GCC_WARN_UNDECLARED_SELECTOR = YES;
				GCC_WARN_UNINITIALIZED_AUTOS = YES_AGGRESSIVE;
				GCC_WARN_UNUSED_FUNCTION = YES;
				GCC_WARN_UNUSED_VARIABLE = YES;
				IPHONEOS_DEPLOYMENT_TARGET = 11.2;
				MTL_ENABLE_DEBUG_INFO = YES;
				ONLY_ACTIVE_ARCH = YES;
				SDKROOT = iphoneos;
				SWIFT_ACTIVE_COMPILATION_CONDITIONS = DEBUG;
				SWIFT_OPTIMIZATION_LEVEL = "-Onone";
			};
			name = Debug;
		};
		C287E5C620478DBB009DA267 /* Release */ = {
			isa = XCBuildConfiguration;
			buildSettings = {
				ALWAYS_SEARCH_USER_PATHS = NO;
				CLANG_ANALYZER_NONNULL = YES;
				CLANG_ANALYZER_NUMBER_OBJECT_CONVERSION = YES_AGGRESSIVE;
				CLANG_CXX_LANGUAGE_STANDARD = "gnu++14";
				CLANG_CXX_LIBRARY = "libc++";
				CLANG_ENABLE_MODULES = YES;
				CLANG_ENABLE_OBJC_ARC = YES;
				CLANG_WARN_BLOCK_CAPTURE_AUTORELEASING = YES;
				CLANG_WARN_BOOL_CONVERSION = YES;
				CLANG_WARN_COMMA = YES;
				CLANG_WARN_CONSTANT_CONVERSION = YES;
				CLANG_WARN_DIRECT_OBJC_ISA_USAGE = YES_ERROR;
				CLANG_WARN_DOCUMENTATION_COMMENTS = YES;
				CLANG_WARN_EMPTY_BODY = YES;
				CLANG_WARN_ENUM_CONVERSION = YES;
				CLANG_WARN_INFINITE_RECURSION = YES;
				CLANG_WARN_INT_CONVERSION = YES;
				CLANG_WARN_NON_LITERAL_NULL_CONVERSION = YES;
				CLANG_WARN_OBJC_LITERAL_CONVERSION = YES;
				CLANG_WARN_OBJC_ROOT_CLASS = YES_ERROR;
				CLANG_WARN_RANGE_LOOP_ANALYSIS = YES;
				CLANG_WARN_STRICT_PROTOTYPES = YES;
				CLANG_WARN_SUSPICIOUS_MOVE = YES;
				CLANG_WARN_UNGUARDED_AVAILABILITY = YES_AGGRESSIVE;
				CLANG_WARN_UNREACHABLE_CODE = YES;
				CLANG_WARN__DUPLICATE_METHOD_MATCH = YES;
				CODE_SIGN_IDENTITY = "iPhone Developer";
				COPY_PHASE_STRIP = NO;
				DEBUG_INFORMATION_FORMAT = "dwarf-with-dsym";
				ENABLE_NS_ASSERTIONS = NO;
				ENABLE_STRICT_OBJC_MSGSEND = YES;
				GCC_C_LANGUAGE_STANDARD = gnu11;
				GCC_NO_COMMON_BLOCKS = YES;
				GCC_WARN_64_TO_32_BIT_CONVERSION = YES;
				GCC_WARN_ABOUT_RETURN_TYPE = YES_ERROR;
				GCC_WARN_UNDECLARED_SELECTOR = YES;
				GCC_WARN_UNINITIALIZED_AUTOS = YES_AGGRESSIVE;
				GCC_WARN_UNUSED_FUNCTION = YES;
				GCC_WARN_UNUSED_VARIABLE = YES;
				IPHONEOS_DEPLOYMENT_TARGET = 11.2;
				MTL_ENABLE_DEBUG_INFO = NO;
				SDKROOT = iphoneos;
				SWIFT_OPTIMIZATION_LEVEL = "-Owholemodule";
				VALIDATE_PRODUCT = YES;
			};
			name = Release;
		};
		C287E5C820478DBB009DA267 /* Debug */ = {
			isa = XCBuildConfiguration;
			buildSettings = {
				ASSETCATALOG_COMPILER_APPICON_NAME = AppIcon;
				CODE_SIGN_STYLE = Automatic;
				DEVELOPMENT_TEAM = 489ZVWUGPK;
				INFOPLIST_FILE = CatchingVideo/Info.plist;
				LD_RUNPATH_SEARCH_PATHS = "$(inherited) @executable_path/Frameworks";
				PRODUCT_BUNDLE_IDENTIFIER = edu.luizramos.CatchingVideo;
				PRODUCT_NAME = "$(TARGET_NAME)";
				SWIFT_VERSION = 4.0;
				TARGETED_DEVICE_FAMILY = "1,2";
			};
			name = Debug;
		};
		C287E5C920478DBB009DA267 /* Release */ = {
			isa = XCBuildConfiguration;
			buildSettings = {
				ASSETCATALOG_COMPILER_APPICON_NAME = AppIcon;
				CODE_SIGN_STYLE = Automatic;
				DEVELOPMENT_TEAM = 489ZVWUGPK;
				INFOPLIST_FILE = CatchingVideo/Info.plist;
				LD_RUNPATH_SEARCH_PATHS = "$(inherited) @executable_path/Frameworks";
				PRODUCT_BUNDLE_IDENTIFIER = edu.luizramos.CatchingVideo;
				PRODUCT_NAME = "$(TARGET_NAME)";
				SWIFT_VERSION = 4.0;
				TARGETED_DEVICE_FAMILY = "1,2";
			};
			name = Release;
		};
/* End XCBuildConfiguration section */

/* Begin XCConfigurationList section */
		C287E5B020478DBB009DA267 /* Build configuration list for PBXProject "CatchingVideo" */ = {
			isa = XCConfigurationList;
			buildConfigurations = (
				C287E5C520478DBB009DA267 /* Debug */,
				C287E5C620478DBB009DA267 /* Release */,
			);
			defaultConfigurationIsVisible = 0;
			defaultConfigurationName = Release;
		};
		C287E5C720478DBB009DA267 /* Build configuration list for PBXNativeTarget "CatchingVideo" */ = {
			isa = XCConfigurationList;
			buildConfigurations = (
				C287E5C820478DBB009DA267 /* Debug */,
				C287E5C920478DBB009DA267 /* Release */,
			);
			defaultConfigurationIsVisible = 0;
			defaultConfigurationName = Release;
		};
/* End XCConfigurationList section */
	};
	rootObject = C287E5AD20478DBB009DA267 /* Project object */;
}
