// !$*UTF8*$!
{
	archiveVersion = 1;
	classes = {
	};
	objectVersion = 48;
	objects = {

/* Begin PBXBuildFile section */
		C239EBD1203106B900B2F82C /* AroundedUIView.swift in Sources */ = {isa = PBXBuildFile; fileRef = C239EBD0203106B900B2F82C /* AroundedUIView.swift */; };
		C24C8A3D201616DE004EA3F7 /* AppDelegate.swift in Sources */ = {isa = PBXBuildFile; fileRef = C24C8A3C201616DE004EA3F7 /* AppDelegate.swift */; };
		C24C8A3F201616DE004EA3F7 /* ViewController.swift in Sources */ = {isa = PBXBuildFile; fileRef = C24C8A3E201616DE004EA3F7 /* ViewController.swift */; };
		C24C8A42201616DE004EA3F7 /* Main.storyboard in Resources */ = {isa = PBXBuildFile; fileRef = C24C8A40201616DE004EA3F7 /* Main.storyboard */; };
		C24C8A44201616DE004EA3F7 /* Assets.xcassets in Resources */ = {isa = PBXBuildFile; fileRef = C24C8A43201616DE004EA3F7 /* Assets.xcassets */; };
		C24C8A47201616DE004EA3F7 /* LaunchScreen.storyboard in Resources */ = {isa = PBXBuildFile; fileRef = C24C8A45201616DE004EA3F7 /* LaunchScreen.storyboard */; };
		C29F974320311EBF00F135EE /* Viagem.swift in Sources */ = {isa = PBXBuildFile; fileRef = C29F974220311EBF00F135EE /* Viagem.swift */; };
		C29F97452031337A00F135EE /* ViagemDAO.swift in Sources */ = {isa = PBXBuildFile; fileRef = C29F97442031337A00F135EE /* ViagemDAO.swift */; };
		C29F974B2031339100F135EE /* img4.jpg in Resources */ = {isa = PBXBuildFile; fileRef = C29F97462031338F00F135EE /* img4.jpg */; };
		C29F974C2031339100F135EE /* img3.jpg in Resources */ = {isa = PBXBuildFile; fileRef = C29F97472031339000F135EE /* img3.jpg */; };
		C29F974D2031339100F135EE /* img5.jpg in Resources */ = {isa = PBXBuildFile; fileRef = C29F97482031339000F135EE /* img5.jpg */; };
		C29F974E2031339100F135EE /* img2.jpg in Resources */ = {isa = PBXBuildFile; fileRef = C29F97492031339000F135EE /* img2.jpg */; };
		C29F974F2031339100F135EE /* img1.png in Resources */ = {isa = PBXBuildFile; fileRef = C29F974A2031339100F135EE /* img1.png */; };
		C2AAA19E20325C9900309671 /* TableViewCell.swift in Sources */ = {isa = PBXBuildFile; fileRef = C2AAA19D20325C9900309671 /* TableViewCell.swift */; };
/* End PBXBuildFile section */

/* Begin PBXFileReference section */
		C239EBD0203106B900B2F82C /* AroundedUIView.swift */ = {isa = PBXFileReference; lastKnownFileType = sourcecode.swift; path = AroundedUIView.swift; sourceTree = "<group>"; };
		C24C8A39201616DE004EA3F7 /* AluraViagens.app */ = {isa = PBXFileReference; explicitFileType = wrapper.application; includeInIndex = 0; path = AluraViagens.app; sourceTree = BUILT_PRODUCTS_DIR; };
		C24C8A3C201616DE004EA3F7 /* AppDelegate.swift */ = {isa = PBXFileReference; lastKnownFileType = sourcecode.swift; path = AppDelegate.swift; sourceTree = "<group>"; };
		C24C8A3E201616DE004EA3F7 /* ViewController.swift */ = {isa = PBXFileReference; lastKnownFileType = sourcecode.swift; path = ViewController.swift; sourceTree = "<group>"; };
		C24C8A41201616DE004EA3F7 /* Base */ = {isa = PBXFileReference; lastKnownFileType = file.storyboard; name = Base; path = Base.lproj/Main.storyboard; sourceTree = "<group>"; };
		C24C8A43201616DE004EA3F7 /* Assets.xcassets */ = {isa = PBXFileReference; lastKnownFileType = folder.assetcatalog; path = Assets.xcassets; sourceTree = "<group>"; };
		C24C8A46201616DE004EA3F7 /* Base */ = {isa = PBXFileReference; lastKnownFileType = file.storyboard; name = Base; path = Base.lproj/LaunchScreen.storyboard; sourceTree = "<group>"; };
		C24C8A48201616DE004EA3F7 /* Info.plist */ = {isa = PBXFileReference; lastKnownFileType = text.plist.xml; path = Info.plist; sourceTree = "<group>"; };
		C29F974220311EBF00F135EE /* Viagem.swift */ = {isa = PBXFileReference; lastKnownFileType = sourcecode.swift; path = Viagem.swift; sourceTree = "<group>"; };
		C29F97442031337A00F135EE /* ViagemDAO.swift */ = {isa = PBXFileReference; fileEncoding = 4; lastKnownFileType = sourcecode.swift; path = ViagemDAO.swift; sourceTree = "<group>"; };
		C29F97462031338F00F135EE /* img4.jpg */ = {isa = PBXFileReference; lastKnownFileType = image.jpeg; path = img4.jpg; sourceTree = "<group>"; };
		C29F97472031339000F135EE /* img3.jpg */ = {isa = PBXFileReference; lastKnownFileType = image.jpeg; path = img3.jpg; sourceTree = "<group>"; };
		C29F97482031339000F135EE /* img5.jpg */ = {isa = PBXFileReference; lastKnownFileType = image.jpeg; path = img5.jpg; sourceTree = "<group>"; };
		C29F97492031339000F135EE /* img2.jpg */ = {isa = PBXFileReference; lastKnownFileType = image.jpeg; path = img2.jpg; sourceTree = "<group>"; };
		C29F974A2031339100F135EE /* img1.png */ = {isa = PBXFileReference; lastKnownFileType = image.png; path = img1.png; sourceTree = "<group>"; };
		C2AAA19D20325C9900309671 /* TableViewCell.swift */ = {isa = PBXFileReference; lastKnownFileType = sourcecode.swift; path = TableViewCell.swift; sourceTree = "<group>"; };
/* End PBXFileReference section */

/* Begin PBXFrameworksBuildPhase section */
		C24C8A36201616DE004EA3F7 /* Frameworks */ = {
			isa = PBXFrameworksBuildPhase;
			buildActionMask = 2147483647;
			files = (
			);
			runOnlyForDeploymentPostprocessing = 0;
		};
/* End PBXFrameworksBuildPhase section */

/* Begin PBXGroup section */
		C24C8A30201616DE004EA3F7 = {
			isa = PBXGroup;
			children = (
				C24C8A3B201616DE004EA3F7 /* AluraViagens */,
				C24C8A3A201616DE004EA3F7 /* Products */,
			);
			sourceTree = "<group>";
		};
		C24C8A3A201616DE004EA3F7 /* Products */ = {
			isa = PBXGroup;
			children = (
				C24C8A39201616DE004EA3F7 /* AluraViagens.app */,
			);
			name = Products;
			sourceTree = "<group>";
		};
		C24C8A3B201616DE004EA3F7 /* AluraViagens */ = {
			isa = PBXGroup;
			children = (
				C24C8A4E201650D4004EA3F7 /* view */,
				C24C8A3C201616DE004EA3F7 /* AppDelegate.swift */,
				C29F974A2031339100F135EE /* img1.png */,
				C29F97492031339000F135EE /* img2.jpg */,
				C29F97472031339000F135EE /* img3.jpg */,
				C29F97462031338F00F135EE /* img4.jpg */,
				C29F97482031339000F135EE /* img5.jpg */,
				C29F97442031337A00F135EE /* ViagemDAO.swift */,
				C2AAA19D20325C9900309671 /* TableViewCell.swift */,
				C24C8A3E201616DE004EA3F7 /* ViewController.swift */,
				C24C8A40201616DE004EA3F7 /* Main.storyboard */,
				C29F974220311EBF00F135EE /* Viagem.swift */,
				C239EBD0203106B900B2F82C /* AroundedUIView.swift */,
				C24C8A43201616DE004EA3F7 /* Assets.xcassets */,
				C24C8A45201616DE004EA3F7 /* LaunchScreen.storyboard */,
				C24C8A48201616DE004EA3F7 /* Info.plist */,
			);
			path = AluraViagens;
			sourceTree = "<group>";
		};
		C24C8A4E201650D4004EA3F7 /* view */ = {
			isa = PBXGroup;
			children = (
			);
			path = view;
			sourceTree = "<group>";
		};
/* End PBXGroup section */

/* Begin PBXNativeTarget section */
		C24C8A38201616DE004EA3F7 /* AluraViagens */ = {
			isa = PBXNativeTarget;
			buildConfigurationList = C24C8A4B201616DE004EA3F7 /* Build configuration list for PBXNativeTarget "AluraViagens" */;
			buildPhases = (
				C24C8A35201616DE004EA3F7 /* Sources */,
				C24C8A36201616DE004EA3F7 /* Frameworks */,
				C24C8A37201616DE004EA3F7 /* Resources */,
			);
			buildRules = (
			);
			dependencies = (
			);
			name = AluraViagens;
			productName = AluraViagens;
			productReference = C24C8A39201616DE004EA3F7 /* AluraViagens.app */;
			productType = "com.apple.product-type.application";
		};
/* End PBXNativeTarget section */

/* Begin PBXProject section */
		C24C8A31201616DE004EA3F7 /* Project object */ = {
			isa = PBXProject;
			attributes = {
				LastSwiftUpdateCheck = 0910;
				LastUpgradeCheck = 0910;
				ORGANIZATIONNAME = LuizRamos;
				TargetAttributes = {
					C24C8A38201616DE004EA3F7 = {
						CreatedOnToolsVersion = 9.1;
						ProvisioningStyle = Automatic;
					};
				};
			};
			buildConfigurationList = C24C8A34201616DE004EA3F7 /* Build configuration list for PBXProject "AluraViagens" */;
			compatibilityVersion = "Xcode 8.0";
			developmentRegion = en;
			hasScannedForEncodings = 0;
			knownRegions = (
				en,
				Base,
			);
			mainGroup = C24C8A30201616DE004EA3F7;
			productRefGroup = C24C8A3A201616DE004EA3F7 /* Products */;
			projectDirPath = "";
			projectRoot = "";
			targets = (
				C24C8A38201616DE004EA3F7 /* AluraViagens */,
			);
		};
/* End PBXProject section */

/* Begin PBXResourcesBuildPhase section */
		C24C8A37201616DE004EA3F7 /* Resources */ = {
			isa = PBXResourcesBuildPhase;
			buildActionMask = 2147483647;
			files = (
				C29F974B2031339100F135EE /* img4.jpg in Resources */,
				C29F974F2031339100F135EE /* img1.png in Resources */,
				C29F974D2031339100F135EE /* img5.jpg in Resources */,
				C29F974C2031339100F135EE /* img3.jpg in Resources */,
				C24C8A47201616DE004EA3F7 /* LaunchScreen.storyboard in Resources */,
				C24C8A44201616DE004EA3F7 /* Assets.xcassets in Resources */,
				C24C8A42201616DE004EA3F7 /* Main.storyboard in Resources */,
				C29F974E2031339100F135EE /* img2.jpg in Resources */,
			);
			runOnlyForDeploymentPostprocessing = 0;
		};
/* End PBXResourcesBuildPhase section */

/* Begin PBXSourcesBuildPhase section */
		C24C8A35201616DE004EA3F7 /* Sources */ = {
			isa = PBXSourcesBuildPhase;
			buildActionMask = 2147483647;
			files = (
				C29F974320311EBF00F135EE /* Viagem.swift in Sources */,
				C29F97452031337A00F135EE /* ViagemDAO.swift in Sources */,
				C24C8A3F201616DE004EA3F7 /* ViewController.swift in Sources */,
				C2AAA19E20325C9900309671 /* TableViewCell.swift in Sources */,
				C24C8A3D201616DE004EA3F7 /* AppDelegate.swift in Sources */,
				C239EBD1203106B900B2F82C /* AroundedUIView.swift in Sources */,
			);
			runOnlyForDeploymentPostprocessing = 0;
		};
/* End PBXSourcesBuildPhase section */

/* Begin PBXVariantGroup section */
		C24C8A40201616DE004EA3F7 /* Main.storyboard */ = {
			isa = PBXVariantGroup;
			children = (
				C24C8A41201616DE004EA3F7 /* Base */,
			);
			name = Main.storyboard;
			sourceTree = "<group>";
		};
		C24C8A45201616DE004EA3F7 /* LaunchScreen.storyboard */ = {
			isa = PBXVariantGroup;
			children = (
				C24C8A46201616DE004EA3F7 /* Base */,
			);
			name = LaunchScreen.storyboard;
			sourceTree = "<group>";
		};
/* End PBXVariantGroup section */

/* Begin XCBuildConfiguration section */
		C24C8A49201616DE004EA3F7 /* Debug */ = {
			isa = XCBuildConfiguration;
			buildSettings = {
				ALWAYS_SEARCH_USER_PATHS = NO;
				CLANG_ANALYZER_NONNULL = YES;
				CLANG_ANALYZER_NUMBER_OBJECT_CONVERSION = YES_AGGRESSIVE;
				CLANG_CXX_LANGUAGE_STANDARD = "gnu++14";
				CLANG_CXX_LIBRARY = "libc++";
				CLANG_ENABLE_MODULES = YES;
				CLANG_ENABLE_OBJC_ARC = YES;
				CLANG_WARN_BLOCK_CAPTURE_AUTORELEASING = YES;
				CLANG_WARN_BOOL_CONVERSION = YES;
				CLANG_WARN_COMMA = YES;
				CLANG_WARN_CONSTANT_CONVERSION = YES;
				CLANG_WARN_DIRECT_OBJC_ISA_USAGE = YES_ERROR;
				CLANG_WARN_DOCUMENTATION_COMMENTS = YES;
				CLANG_WARN_EMPTY_BODY = YES;
				CLANG_WARN_ENUM_CONVERSION = YES;
				CLANG_WARN_INFINITE_RECURSION = YES;
				CLANG_WARN_INT_CONVERSION = YES;
				CLANG_WARN_NON_LITERAL_NULL_CONVERSION = YES;
				CLANG_WARN_OBJC_LITERAL_CONVERSION = YES;
				CLANG_WARN_OBJC_ROOT_CLASS = YES_ERROR;
				CLANG_WARN_RANGE_LOOP_ANALYSIS = YES;
				CLANG_WARN_STRICT_PROTOTYPES = YES;
				CLANG_WARN_SUSPICIOUS_MOVE = YES;
				CLANG_WARN_UNGUARDED_AVAILABILITY = YES_AGGRESSIVE;
				CLANG_WARN_UNREACHABLE_CODE = YES;
				CLANG_WARN__DUPLICATE_METHOD_MATCH = YES;
				CODE_SIGN_IDENTITY = "iPhone Developer";
				COPY_PHASE_STRIP = NO;
				DEBUG_INFORMATION_FORMAT = dwarf;
				ENABLE_STRICT_OBJC_MSGSEND = YES;
				ENABLE_TESTABILITY = YES;
				GCC_C_LANGUAGE_STANDARD = gnu11;
				GCC_DYNAMIC_NO_PIC = NO;
				GCC_NO_COMMON_BLOCKS = YES;
				GCC_OPTIMIZATION_LEVEL = 0;
				GCC_PREPROCESSOR_DEFINITIONS = (
					"DEBUG=1",
					"$(inherited)",
				);
				GCC_WARN_64_TO_32_BIT_CONVERSION = YES;
				GCC_WARN_ABOUT_RETURN_TYPE = YES_ERROR;
				GCC_WARN_UNDECLARED_SELECTOR = YES;
				GCC_WARN_UNINITIALIZED_AUTOS = YES_AGGRESSIVE;
				GCC_WARN_UNUSED_FUNCTION = YES;
				GCC_WARN_UNUSED_VARIABLE = YES;
				IPHONEOS_DEPLOYMENT_TARGET = 11.1;
				MTL_ENABLE_DEBUG_INFO = YES;
				ONLY_ACTIVE_ARCH = YES;
				SDKROOT = iphoneos;
				SWIFT_ACTIVE_COMPILATION_CONDITIONS = DEBUG;
				SWIFT_OPTIMIZATION_LEVEL = "-Onone";
			};
			name = Debug;
		};
		C24C8A4A201616DE004EA3F7 /* Release */ = {
			isa = XCBuildConfiguration;
			buildSettings = {
				ALWAYS_SEARCH_USER_PATHS = NO;
				CLANG_ANALYZER_NONNULL = YES;
				CLANG_ANALYZER_NUMBER_OBJECT_CONVERSION = YES_AGGRESSIVE;
				CLANG_CXX_LANGUAGE_STANDARD = "gnu++14";
				CLANG_CXX_LIBRARY = "libc++";
				CLANG_ENABLE_MODULES = YES;
				CLANG_ENABLE_OBJC_ARC = YES;
				CLANG_WARN_BLOCK_CAPTURE_AUTORELEASING = YES;
				CLANG_WARN_BOOL_CONVERSION = YES;
				CLANG_WARN_COMMA = YES;
				CLANG_WARN_CONSTANT_CONVERSION = YES;
				CLANG_WARN_DIRECT_OBJC_ISA_USAGE = YES_ERROR;
				CLANG_WARN_DOCUMENTATION_COMMENTS = YES;
				CLANG_WARN_EMPTY_BODY = YES;
				CLANG_WARN_ENUM_CONVERSION = YES;
				CLANG_WARN_INFINITE_RECURSION = YES;
				CLANG_WARN_INT_CONVERSION = YES;
				CLANG_WARN_NON_LITERAL_NULL_CONVERSION = YES;
				CLANG_WARN_OBJC_LITERAL_CONVERSION = YES;
				CLANG_WARN_OBJC_ROOT_CLASS = YES_ERROR;
				CLANG_WARN_RANGE_LOOP_ANALYSIS = YES;
				CLANG_WARN_STRICT_PROTOTYPES = YES;
				CLANG_WARN_SUSPICIOUS_MOVE = YES;
				CLANG_WARN_UNGUARDED_AVAILABILITY = YES_AGGRESSIVE;
				CLANG_WARN_UNREACHABLE_CODE = YES;
				CLANG_WARN__DUPLICATE_METHOD_MATCH = YES;
				CODE_SIGN_IDENTITY = "iPhone Developer";
				COPY_PHASE_STRIP = NO;
				DEBUG_INFORMATION_FORMAT = "dwarf-with-dsym";
				ENABLE_NS_ASSERTIONS = NO;
				ENABLE_STRICT_OBJC_MSGSEND = YES;
				GCC_C_LANGUAGE_STANDARD = gnu11;
				GCC_NO_COMMON_BLOCKS = YES;
				GCC_WARN_64_TO_32_BIT_CONVERSION = YES;
				GCC_WARN_ABOUT_RETURN_TYPE = YES_ERROR;
				GCC_WARN_UNDECLARED_SELECTOR = YES;
				GCC_WARN_UNINITIALIZED_AUTOS = YES_AGGRESSIVE;
				GCC_WARN_UNUSED_FUNCTION = YES;
				GCC_WARN_UNUSED_VARIABLE = YES;
				IPHONEOS_DEPLOYMENT_TARGET = 11.1;
				MTL_ENABLE_DEBUG_INFO = NO;
				SDKROOT = iphoneos;
				SWIFT_OPTIMIZATION_LEVEL = "-Owholemodule";
				VALIDATE_PRODUCT = YES;
			};
			name = Release;
		};
		C24C8A4C201616DE004EA3F7 /* Debug */ = {
			isa = XCBuildConfiguration;
			buildSettings = {
				ASSETCATALOG_COMPILER_APPICON_NAME = AppIcon;
				CODE_SIGN_STYLE = Automatic;
				DEVELOPMENT_TEAM = "";
				INFOPLIST_FILE = AluraViagens/Info.plist;
				LD_RUNPATH_SEARCH_PATHS = "$(inherited) @executable_path/Frameworks";
				PRODUCT_BUNDLE_IDENTIFIER = edu.luizramos.AluraViagens;
				PRODUCT_NAME = "$(TARGET_NAME)";
				SWIFT_VERSION = 4.0;
				TARGETED_DEVICE_FAMILY = "1,2";
			};
			name = Debug;
		};
		C24C8A4D201616DE004EA3F7 /* Release */ = {
			isa = XCBuildConfiguration;
			buildSettings = {
				ASSETCATALOG_COMPILER_APPICON_NAME = AppIcon;
				CODE_SIGN_STYLE = Automatic;
				DEVELOPMENT_TEAM = "";
				INFOPLIST_FILE = AluraViagens/Info.plist;
				LD_RUNPATH_SEARCH_PATHS = "$(inherited) @executable_path/Frameworks";
				PRODUCT_BUNDLE_IDENTIFIER = edu.luizramos.AluraViagens;
				PRODUCT_NAME = "$(TARGET_NAME)";
				SWIFT_VERSION = 4.0;
				TARGETED_DEVICE_FAMILY = "1,2";
			};
			name = Release;
		};
/* End XCBuildConfiguration section */

/* Begin XCConfigurationList section */
		C24C8A34201616DE004EA3F7 /* Build configuration list for PBXProject "AluraViagens" */ = {
			isa = XCConfigurationList;
			buildConfigurations = (
				C24C8A49201616DE004EA3F7 /* Debug */,
				C24C8A4A201616DE004EA3F7 /* Release */,
			);
			defaultConfigurationIsVisible = 0;
			defaultConfigurationName = Release;
		};
		C24C8A4B201616DE004EA3F7 /* Build configuration list for PBXNativeTarget "AluraViagens" */ = {
			isa = XCConfigurationList;
			buildConfigurations = (
				C24C8A4C201616DE004EA3F7 /* Debug */,
				C24C8A4D201616DE004EA3F7 /* Release */,
			);
			defaultConfigurationIsVisible = 0;
			defaultConfigurationName = Release;
		};
/* End XCConfigurationList section */
	};
	rootObject = C24C8A31201616DE004EA3F7 /* Project object */;
}
